{
  "name": "amplify",
  "version": "1.1.2",
  "lockfileVersion": 1,
  "requires": true,
  "dependencies": {
    "anvil.uglify": {
      "version": "0.1.0",
      "resolved": "https://registry.npmjs.org/anvil.uglify/-/anvil.uglify-0.1.0.tgz",
      "integrity": "sha1-O+H8JPUVdD8v3BDj5X0PGYRktN0=",
      "dev": true,
      "requires": {
        "uglify-js": "~1.3.3"
      }
    },
    "async": {
      "version": "2.6.1",
      "resolved": "https://registry.npmjs.org/async/-/async-2.6.1.tgz",
      "integrity": "sha512-fNEiL2+AZt6AlAw/29Cr0UDe4sRAHCpEHh54WMz+Bb7QfNcFw4h3loofyJpLeQs4Yx7yuqu/2dLgM5hKOs6HlQ==",
      "dev": true,
      "requires": {
        "lodash": "^4.17.10"
      }
    },
    "bufferedstream": {
      "version": "1.6.0",
      "resolved": "https://registry.npmjs.org/bufferedstream/-/bufferedstream-1.6.0.tgz",
      "integrity": "sha1-G1a+ZxMhYtn0aLyIbdLJFg3fKII=",
      "dev": true
    },
    "graceful-fs": {
      "version": "1.1.14",
      "resolved": "http://registry.npmjs.org/graceful-fs/-/graceful-fs-1.1.14.tgz",
      "integrity": "sha1-BweNtfY3f2Mh/Oqu30l94STclGU=",
      "dev": true,
      "optional": true
    },
    "lodash": {
      "version": "4.17.11",
      "resolved": "https://registry.npmjs.org/lodash/-/lodash-4.17.11.tgz",
      "integrity": "sha512-cQKh8igo5QUhZ7lg38DYWAxMvjSAKG0A8wGSVimP07SIUEK2UO+arSRKbRZWtelMtN5V0Hkwh5ryOto/SshYIg==",
      "dev": true
    },
    "markdown": {
      "version": "0.3.1",
      "resolved": "https://registry.npmjs.org/markdown/-/markdown-0.3.1.tgz",
      "integrity": "sha1-XZXBqGDRSFNSl4MqFX5L5Z6YgNQ=",
      "dev": true
    },
    "mime": {
      "version": "1.2.3",
      "resolved": "https://registry.npmjs.org/mime/-/mime-1.2.3.tgz",
      "integrity": "sha1-dxe610RPQtDH2YzcKnsgBo+De2g=",
      "dev": true
    },
    "rimraf": {
      "version": "2.0.1",
      "resolved": "http://registry.npmjs.org/rimraf/-/rimraf-2.0.1.tgz",
      "integrity": "sha1-bli259OYC9YgYY0HA9UC+HIHj+4=",
      "dev": true,
      "requires": {
        "graceful-fs": "~1.1"
      }
    },
    "strata": {
      "version": "0.20.1",
      "resolved": "https://registry.npmjs.org/strata/-/strata-0.20.1.tgz",
      "integrity": "sha1-q8MOV/BOZICG/kwmSl+lWyOGV34=",
      "dev": true,
      "requires": {
        "bufferedstream": "1.6.x",
        "markdown": "~0.3.1",
        "mime": "1.2.3",
        "strftime": "0.4.6"
      }
    },
    "strftime": {
      "version": "0.4.6",
      "resolved": "https://registry.npmjs.org/strftime/-/strftime-0.4.6.tgz",
      "integrity": "sha1-5v+RhD1O0U9Nw/JjvMX8i7WgJ6o=",
      "dev": true
    },
    "uglify-js": {
      "version": "1.3.5",
      "resolved": "http://registry.npmjs.org/uglify-js/-/uglify-js-1.3.5.tgz",
      "integrity": "sha1-S1v/+Rhu/7qoiOTJ6UvZ/EyUkp0=",
      "dev": true
    },
    "underscore": {
      "version": "1.9.1",
      "resolved": "https://registry.npmjs.org/underscore/-/underscore-1.9.1.tgz",
      "integrity": "sha512-5/4etnCkd9c8gwgowi5/om/mYO5ajCaOgdzj/oW+0eQV9WxKBDZw5+ycmKmeaTXjInS/W0BzpGLo2xR2aBwZdg==",
      "dev": true
    }
  }
}
